
Microsoft Visual Studio Solution File, Format Version 12.00
# Visual Studio 15
VisualStudioVersion = 15.0.28307.168
MinimumVisualStudioVersion = 10.0.40219.1
Project("{FAE04EC0-301F-11D3-BF4B-00C04F79EFBC}") = "Solution1", "Zad1\Solution1.csproj", "{E50F7B68-34ED-48A8-B921-37D586FBFBB5}"
EndProject
Project("{FAE04EC0-301F-11D3-BF4B-00C04F79EFBC}") = "Solution2", "Solution2\Solution2.csproj", "{76828C8A-0BE0-47C3-B497-1966608E36BB}"
EndProject
Project("{FAE04EC0-301F-11D3-BF4B-00C04F79EFBC}") = "Solution3", "Solution3\Solution3.csproj", "{CA9709B9-207B-4E5B-972F-8620CDF95236}"
EndProject
Global
	GlobalSection(SolutionConfigurationPlatforms) = preSolution
		Debug|Any CPU = Debug|Any CPU
		Release|Any CPU = Release|Any CPU
	EndGlobalSection
	GlobalSection(ProjectConfigurationPlatforms) = postSolution
		{E50F7B68-34ED-48A8-B921-37D586FBFBB5}.Debug|Any CPU.ActiveCfg = Debug|Any CPU
		{E50F7B68-34ED-48A8-B921-37D586FBFBB5}.Debug|Any CPU.Build.0 = Debug|Any CPU
		{E50F7B68-34ED-48A8-B921-37D586FBFBB5}.Release|Any CPU.ActiveCfg = Release|Any CPU
		{E50F7B68-34ED-48A8-B921-37D586FBFBB5}.Release|Any CPU.Build.0 = Release|Any CPU
		{76828C8A-0BE0-47C3-B497-1966608E36BB}.Debug|Any CPU.ActiveCfg = Debug|Any CPU
		{76828C8A-0BE0-47C3-B497-1966608E36BB}.Debug|Any CPU.Build.0 = Debug|Any CPU
		{76828C8A-0BE0-47C3-B497-1966608E36BB}.Release|Any CPU.ActiveCfg = Release|Any CPU
		{76828C8A-0BE0-47C3-B497-1966608E36BB}.Release|Any CPU.Build.0 = Release|Any CPU
		{CA9709B9-207B-4E5B-972F-8620CDF95236}.Debug|Any CPU.ActiveCfg = Debug|Any CPU
		{CA9709B9-207B-4E5B-972F-8620CDF95236}.Debug|Any CPU.Build.0 = Debug|Any CPU
		{CA9709B9-207B-4E5B-972F-8620CDF95236}.Release|Any CPU.ActiveCfg = Release|Any CPU
		{CA9709B9-207B-4E5B-972F-8620CDF95236}.Release|Any CPU.Build.0 = Release|Any CPU
	EndGlobalSection
	GlobalSection(SolutionProperties) = preSolution
		HideSolutionNode = FALSE
	EndGlobalSection
	GlobalSection(ExtensibilityGlobals) = postSolution
		SolutionGuid = {882E9BBD-5290-4CF1-87D9-BC0B6E55452D}
	EndGlobalSection
EndGlobal
